
Microsoft Visual Studio Solution File, Format Version 12.00
# Visual Studio Version 16
VisualStudioVersion = 16.0.32602.291
MinimumVisualStudioVersion = 10.0.40219.1
Project("{FAE04EC0-301F-11D3-BF4B-00C04F79EFBC}") = "QuanLyQuanCafe", "QuanLyQuanCafe\QuanLyQuanCafe.csproj", "{DEEC2B23-A50E-453E-AEB6-7135266C7C05}"
EndProject
Project("{FAE04EC0-301F-11D3-BF4B-00C04F79EFBC}") = "DTO", "DTO\DTO.csproj", "{53201436-2EC3-4768-93C2-04864F4BDC6E}"
EndProject
Project("{FAE04EC0-301F-11D3-BF4B-00C04F79EFBC}") = "DAO", "DAO\DAO.csproj", "{7A9D0CC7-E0E6-4F19-ADB9-9E78A83901CE}"
EndProject
Global
	GlobalSection(SolutionConfigurationPlatforms) = preSolution
		Debug|Any CPU = Debug|Any CPU
		Release|Any CPU = Release|Any CPU
	EndGlobalSection
	GlobalSection(ProjectConfigurationPlatforms) = postSolution
		{DEEC2B23-A50E-453E-AEB6-7135266C7C05}.Debug|Any CPU.ActiveCfg = Debug|Any CPU
		{DEEC2B23-A50E-453E-AEB6-7135266C7C05}.Debug|Any CPU.Build.0 = Debug|Any CPU
		{DEEC2B23-A50E-453E-AEB6-7135266C7C05}.Release|Any CPU.ActiveCfg = Release|Any CPU
		{DEEC2B23-A50E-453E-AEB6-7135266C7C05}.Release|Any CPU.Build.0 = Release|Any CPU
		{53201436-2EC3-4768-93C2-04864F4BDC6E}.Debug|Any CPU.ActiveCfg = Debug|Any CPU
		{53201436-2EC3-4768-93C2-04864F4BDC6E}.Debug|Any CPU.Build.0 = Debug|Any CPU
		{53201436-2EC3-4768-93C2-04864F4BDC6E}.Release|Any CPU.ActiveCfg = Release|Any CPU
		{53201436-2EC3-4768-93C2-04864F4BDC6E}.Release|Any CPU.Build.0 = Release|Any CPU
		{7A9D0CC7-E0E6-4F19-ADB9-9E78A83901CE}.Debug|Any CPU.ActiveCfg = Debug|Any CPU
		{7A9D0CC7-E0E6-4F19-ADB9-9E78A83901CE}.Debug|Any CPU.Build.0 = Debug|Any CPU
		{7A9D0CC7-E0E6-4F19-ADB9-9E78A83901CE}.Release|Any CPU.ActiveCfg = Release|Any CPU
		{7A9D0CC7-E0E6-4F19-ADB9-9E78A83901CE}.Release|Any CPU.Build.0 = Release|Any CPU
	EndGlobalSection
	GlobalSection(SolutionProperties) = preSolution
		HideSolutionNode = FALSE
	EndGlobalSection
	GlobalSection(ExtensibilityGlobals) = postSolution
		SolutionGuid = {E736AC33-408E-4E2D-BC65-7E35FEB527BF}
	EndGlobalSection
EndGlobal
